{
  "name": "typetalk-notify",
  "version": "0.0.1",
  "lockfileVersion": 1,
  "requires": true,
  "dependencies": {
    "@actions/core": {
      "version": "1.2.1",
      "resolved": "https://registry.npmjs.org/@actions/core/-/core-1.2.1.tgz",
      "integrity": "sha512-xD+CQd9p4lU7ZfRqmUcbJpqR+Ss51rJRVeXMyOLrZQImN9/8Sy/BEUBnHO/UKD3z03R686PVTLfEPmkropGuLw=="
    }
  }
}
